
Microsoft Visual Studio Solution File, Format Version 12.00
# Visual Studio Version 16
VisualStudioVersion = 16.0.30523.141
MinimumVisualStudioVersion = 10.0.40219.1
Project("{8BC9CEB8-8B4A-11D0-8D11-00A0C91BC942}") = "lab7.1_iter", "lab7.1\lab7.1.vcxproj", "{1F791B9D-F9FC-43D7-93AE-0D885760EA14}"
EndProject
Project("{8BC9CEB8-8B4A-11D0-8D11-00A0C91BC942}") = "UnitTest7.1_iter", "UnitTest7.1_iter\UnitTest7.1_iter.vcxproj", "{471EB891-4ACC-44B6-A151-F3BA6BD8A7C8}"
EndProject
Global
	GlobalSection(SolutionConfigurationPlatforms) = preSolution
		Debug|x64 = Debug|x64
		Debug|x86 = Debug|x86
		Release|x64 = Release|x64
		Release|x86 = Release|x86
	EndGlobalSection
	GlobalSection(ProjectConfigurationPlatforms) = postSolution
		{1F791B9D-F9FC-43D7-93AE-0D885760EA14}.Debug|x64.ActiveCfg = Debug|x64
		{1F791B9D-F9FC-43D7-93AE-0D885760EA14}.Debug|x64.Build.0 = Debug|x64
		{1F791B9D-F9FC-43D7-93AE-0D885760EA14}.Debug|x86.ActiveCfg = Debug|Win32
		{1F791B9D-F9FC-43D7-93AE-0D885760EA14}.Debug|x86.Build.0 = Debug|Win32
		{1F791B9D-F9FC-43D7-93AE-0D885760EA14}.Release|x64.ActiveCfg = Release|x64
		{1F791B9D-F9FC-43D7-93AE-0D885760EA14}.Release|x64.Build.0 = Release|x64
		{1F791B9D-F9FC-43D7-93AE-0D885760EA14}.Release|x86.ActiveCfg = Release|Win32
		{1F791B9D-F9FC-43D7-93AE-0D885760EA14}.Release|x86.Build.0 = Release|Win32
		{471EB891-4ACC-44B6-A151-F3BA6BD8A7C8}.Debug|x64.ActiveCfg = Debug|x64
		{471EB891-4ACC-44B6-A151-F3BA6BD8A7C8}.Debug|x64.Build.0 = Debug|x64
		{471EB891-4ACC-44B6-A151-F3BA6BD8A7C8}.Debug|x86.ActiveCfg = Debug|Win32
		{471EB891-4ACC-44B6-A151-F3BA6BD8A7C8}.Debug|x86.Build.0 = Debug|Win32
		{471EB891-4ACC-44B6-A151-F3BA6BD8A7C8}.Release|x64.ActiveCfg = Release|x64
		{471EB891-4ACC-44B6-A151-F3BA6BD8A7C8}.Release|x64.Build.0 = Release|x64
		{471EB891-4ACC-44B6-A151-F3BA6BD8A7C8}.Release|x86.ActiveCfg = Release|Win32
		{471EB891-4ACC-44B6-A151-F3BA6BD8A7C8}.Release|x86.Build.0 = Release|Win32
	EndGlobalSection
	GlobalSection(SolutionProperties) = preSolution
		HideSolutionNode = FALSE
	EndGlobalSection
	GlobalSection(ExtensibilityGlobals) = postSolution
		SolutionGuid = {12B31F4C-4009-4976-BE2E-84429A5C34E5}
	EndGlobalSection
EndGlobal
